# THIS IS AN AUTOGENERATED FILE. DO NOT EDIT THIS FILE DIRECTLY.
# yarn lockfile v1


"@ashvin27/react-datatable@https://github.com/aiveneh/react-datatable.git":
  version "1.1.10"
  resolved "https://github.com/aiveneh/react-datatable.git#494cf2293649389a57411f24313a0699afb8bdef"
  dependencies:
    lodash "^4.17.11"

"@babel/runtime@^7.1.2", "@babel/runtime@^7.4.0":
  version "7.8.7"
  resolved "https://registry.yarnpkg.com/@babel/runtime/-/runtime-7.8.7.tgz#8fefce9802db54881ba59f90bb28719b4996324d"
  integrity sha512-+AATMUFppJDw6aiR5NVPHqIQBlV/Pj8wY/EZH+lmvRdUo9xBaz/rF3alAwFJQavvKfeOlPE7oaaDHVbcySbCsg==
  dependencies:
    regenerator-runtime "^0.13.4"

"@types/node@^12.12.31":
  version "12.12.31"
  resolved "https://registry.yarnpkg.com/@types/node/-/node-12.12.31.tgz#d6b4f9645fee17f11319b508fb1001797425da51"
  integrity sha512-T+wnJno8uh27G9c+1T+a1/WYCHzLeDqtsGJkoEdSp2X8RTh3oOCZQcUnjAx90CS8cmmADX51O0FI/tu9s0yssg==

"@types/redux-actions@^2.6.1":
  version "2.6.1"
  resolved "https://registry.yarnpkg.com/@types/redux-actions/-/redux-actions-2.6.1.tgz#0940e97fa35ad3004316bddb391d8e01d2efa605"
  integrity sha512-zKgK+ATp3sswXs6sOYo1tk8xdXTy4CTaeeYrVQlClCjeOpag5vzPo0ASWiiBJ7vsiQRAdb3VkuFLnDoBimF67g==

gud@^1.0.0:
  version "1.0.0"
  resolved "https://registry.yarnpkg.com/gud/-/gud-1.0.0.tgz#a489581b17e6a70beca9abe3ae57de7a499852c0"
  integrity sha512-zGEOVKFM5sVPPrYs7J5/hYEw2Pof8KCyOwyhG8sAF26mCAeUFAcYPu1mwB7hhpIP29zOIBaDqwuHdLp0jvZXjw==

history@^4.9.0:
  version "4.10.1"
  resolved "https://registry.yarnpkg.com/history/-/history-4.10.1.tgz#33371a65e3a83b267434e2b3f3b1b4c58aad4cf3"
  integrity sha512-36nwAD620w12kuzPAsyINPWJqlNbij+hpK1k9XRloDtym8mxzGYl2c17LnV6IAGB2Dmg4tEa7G7DlawS0+qjew==
  dependencies:
    "@babel/runtime" "^7.1.2"
    loose-envify "^1.2.0"
    resolve-pathname "^3.0.0"
    tiny-invariant "^1.0.2"
    tiny-warning "^1.0.0"
    value-equal "^1.0.1"

hoist-non-react-statics@^3.1.0:
  version "3.3.2"
  resolved "https://registry.yarnpkg.com/hoist-non-react-statics/-/hoist-non-react-statics-3.3.2.tgz#ece0acaf71d62c2969c2ec59feff42a4b1a85b45"
  integrity sha512-/gGivxi8JPKWNm/W0jSmzcMPpfpPLc3dY/6GxhX2hQ9iGj3aDfklV4ET7NjKpSinLpJ5vafa9iiGIEZg10SfBw==
  dependencies:
    react-is "^16.7.0"

immer@^6.0.2:
  version "6.0.2"
  resolved "https://registry.yarnpkg.com/immer/-/immer-6.0.2.tgz#5bc08dc4930c756d0749533a2afbd88c8de0cd19"
  integrity sha512-56CMvUMZl4kkWJFFUe1TjBgGbyb9ibzpLyHD+RSKSVdytuDXgT/HXO1S+GJVywMVl5neGTdAogoR15eRVEd10Q==

invariant@^2.2.4:
  version "2.2.4"
  resolved "https://registry.yarnpkg.com/invariant/-/invariant-2.2.4.tgz#610f3c92c9359ce1db616e538008d23ff35158e6"
  integrity sha512-phJfQVBuaJM5raOpJjSfkiD6BpbCE4Ns//LaXl6wGYtUBY83nWS6Rf9tXm2e8VaK60JEjYldbPif/A2B1C2gNA==
  dependencies:
    loose-envify "^1.0.0"

isarray@0.0.1:
  version "0.0.1"
  resolved "https://registry.yarnpkg.com/isarray/-/isarray-0.0.1.tgz#8a18acfca9a8f4177e09abfc6038939b05d1eedf"
  integrity sha1-ihis/Kmo9Bd+Cav8YDiTmwXR7t8=

"js-tokens@^3.0.0 || ^4.0.0":
  version "4.0.0"
  resolved "https://registry.yarnpkg.com/js-tokens/-/js-tokens-4.0.0.tgz#19203fb59991df98e3a287050d4647cdeaf32499"
  integrity sha512-RdJUflcE3cUzKiMqQgsCu06FPu9UdIJO0beYbPhHN4k6apgJtifcoCtT9bcxOpYBtpD2kCM6Sbzg4CausW/PKQ==

just-curry-it@^3.1.0:
  version "3.1.0"
  resolved "https://registry.yarnpkg.com/just-curry-it/-/just-curry-it-3.1.0.tgz#ab59daed308a58b847ada166edd0a2d40766fbc5"
  integrity sha512-mjzgSOFzlrurlURaHVjnQodyPNvrHrf1TbQP2XU9NSqBtHQPuHZ+Eb6TAJP7ASeJN9h9K0KXoRTs8u6ouHBKvg==

lodash@^4.17.11:
  version "4.17.15"
  resolved "https://registry.yarnpkg.com/lodash/-/lodash-4.17.15.tgz#b447f6670a0455bbfeedd11392eff330ea097548"
  integrity sha512-8xOcRHvCjnocdS5cpwXQXVzmmh5e5+saE2QGoeQmbKmRS6J3VQppPOIt0MnmE+4xlZoumy0GPG0D0MVIQbNA1A==

loose-envify@^1.0.0, loose-envify@^1.1.0, loose-envify@^1.2.0, loose-envify@^1.3.1, loose-envify@^1.4.0:
  version "1.4.0"
  resolved "https://registry.yarnpkg.com/loose-envify/-/loose-envify-1.4.0.tgz#71ee51fa7be4caec1a63839f7e682d8132d30caf"
  integrity sha512-lyuxPGr/Wfhrlem2CL/UcnUc1zcqKAImBDzukY7Y5F/yQiNdko6+fRLevlw1HgMySw7f611UIY408EtxRSoK3Q==
  dependencies:
    js-tokens "^3.0.0 || ^4.0.0"

mini-create-react-context@^0.3.0:
  version "0.3.2"
  resolved "https://registry.yarnpkg.com/mini-create-react-context/-/mini-create-react-context-0.3.2.tgz#79fc598f283dd623da8e088b05db8cddab250189"
  integrity sha512-2v+OeetEyliMt5VHMXsBhABoJ0/M4RCe7fatd/fBy6SMiKazUSEt3gxxypfnk2SHMkdBYvorHRoQxuGoiwbzAw==
  dependencies:
    "@babel/runtime" "^7.4.0"
    gud "^1.0.0"
    tiny-warning "^1.0.2"

object-assign@^4.1.1:
  version "4.1.1"
  resolved "https://registry.yarnpkg.com/object-assign/-/object-assign-4.1.1.tgz#2109adc7965887cfc05cbbd442cac8bfbb360863"
  integrity sha1-IQmtx5ZYh8/AXLvUQsrIv7s2CGM=

path-to-regexp@^1.7.0:
  version "1.8.0"
  resolved "https://registry.yarnpkg.com/path-to-regexp/-/path-to-regexp-1.8.0.tgz#887b3ba9d84393e87a0a0b9f4cb756198b53548a"
  integrity sha512-n43JRhlUKUAlibEJhPeir1ncUID16QnEjNpwzNdO3Lm4ywrBpBZ5oLD0I6br9evr1Y9JTqwRtAh7JLoOzAQdVA==
  dependencies:
    isarray "0.0.1"

prop-types@^15.6.2:
  version "15.7.2"
  resolved "https://registry.yarnpkg.com/prop-types/-/prop-types-15.7.2.tgz#52c41e75b8c87e72b9d9360e0206b99dcbffa6c5"
  integrity sha512-8QQikdH7//R2vurIJSutZ1smHYTcLpRWEOlHnzcWHmBYrOGUysKwSsrC89BCiFj3CbrfJ/nXFdJepOVrY1GCHQ==
  dependencies:
    loose-envify "^1.4.0"
    object-assign "^4.1.1"
    react-is "^16.8.1"

react-is@^16.6.0, react-is@^16.7.0, react-is@^16.8.1:
  version "16.13.0"
  resolved "https://registry.yarnpkg.com/react-is/-/react-is-16.13.0.tgz#0f37c3613c34fe6b37cd7f763a0d6293ab15c527"
  integrity sha512-GFMtL0vHkiBv9HluwNZTggSn/sCyEt9n02aM0dSAjGGyqyNlAyftYm4phPxdvCigG15JreC5biwxCgTAJZ7yAA==

react-router-dom@^5.1.2:
  version "5.1.2"
  resolved "https://registry.yarnpkg.com/react-router-dom/-/react-router-dom-5.1.2.tgz#06701b834352f44d37fbb6311f870f84c76b9c18"
  integrity sha512-7BPHAaIwWpZS074UKaw1FjVdZBSVWEk8IuDXdB+OkLb8vd/WRQIpA4ag9WQk61aEfQs47wHyjWUoUGGZxpQXew==
  dependencies:
    "@babel/runtime" "^7.1.2"
    history "^4.9.0"
    loose-envify "^1.3.1"
    prop-types "^15.6.2"
    react-router "5.1.2"
    tiny-invariant "^1.0.2"
    tiny-warning "^1.0.0"

react-router@5.1.2, react-router@^5.1.2:
  version "5.1.2"
  resolved "https://registry.yarnpkg.com/react-router/-/react-router-5.1.2.tgz#6ea51d789cb36a6be1ba5f7c0d48dd9e817d3418"
  integrity sha512-yjEuMFy1ONK246B+rsa0cUam5OeAQ8pyclRDgpxuSCrAlJ1qN9uZ5IgyKC7gQg0w8OM50NXHEegPh/ks9YuR2A==
  dependencies:
    "@babel/runtime" "^7.1.2"
    history "^4.9.0"
    hoist-non-react-statics "^3.1.0"
    loose-envify "^1.3.1"
    mini-create-react-context "^0.3.0"
    path-to-regexp "^1.7.0"
    prop-types "^15.6.2"
    react-is "^16.6.0"
    tiny-invariant "^1.0.2"
    tiny-warning "^1.0.0"

react@^16.13.0:
  version "16.13.0"
  resolved "https://registry.yarnpkg.com/react/-/react-16.13.0.tgz#d046eabcdf64e457bbeed1e792e235e1b9934cf7"
  integrity sha512-TSavZz2iSLkq5/oiE7gnFzmURKZMltmi193rm5HEoUDAXpzT9Kzw6oNZnGoai/4+fUnm7FqS5dwgUL34TujcWQ==
  dependencies:
    loose-envify "^1.1.0"
    object-assign "^4.1.1"
    prop-types "^15.6.2"

reduce-reducers@^0.4.3:
  version "0.4.3"
  resolved "https://registry.yarnpkg.com/reduce-reducers/-/reduce-reducers-0.4.3.tgz#8e052618801cd8fc2714b4915adaa8937eb6d66c"
  integrity sha512-+CNMnI8QhgVMtAt54uQs3kUxC3Sybpa7Y63HR14uGLgI9/QR5ggHvpxwhGGe3wmx5V91YwqQIblN9k5lspAmGw==

redux-actions@^2.6.5:
  version "2.6.5"
  resolved "https://registry.yarnpkg.com/redux-actions/-/redux-actions-2.6.5.tgz#bdca548768ee99832a63910c276def85e821a27e"
  integrity sha512-pFhEcWFTYNk7DhQgxMGnbsB1H2glqhQJRQrtPb96kD3hWiZRzXHwwmFPswg6V2MjraXRXWNmuP9P84tvdLAJmw==
  dependencies:
    invariant "^2.2.4"
    just-curry-it "^3.1.0"
    loose-envify "^1.4.0"
    reduce-reducers "^0.4.3"
    to-camel-case "^1.0.0"

redux-devtools-extension@^2.13.8:
  version "2.13.8"
  resolved "https://registry.yarnpkg.com/redux-devtools-extension/-/redux-devtools-extension-2.13.8.tgz#37b982688626e5e4993ff87220c9bbb7cd2d96e1"
  integrity sha512-8qlpooP2QqPtZHQZRhx3x3OP5skEV1py/zUdMY28WNAocbafxdG2tRD1MWE7sp8obGMNYuLWanhhQ7EQvT1FBg==

redux-observable@^1.2.0:
  version "1.2.0"
  resolved "https://registry.yarnpkg.com/redux-observable/-/redux-observable-1.2.0.tgz#ff51b6c6be2598e9b5e89fc36639186bb0e669c7"
  integrity sha512-yeR90RP2WzZzCxxnQPlh2uFzyfFLsfXu8ROh53jGDPXVqj71uNDMmvi/YKQkd9ofiVoO4OYb1snbowO49tCEMg==

redux@^4.0.5:
  version "4.0.5"
  resolved "https://registry.yarnpkg.com/redux/-/redux-4.0.5.tgz#4db5de5816e17891de8a80c424232d06f051d93f"
  integrity sha512-VSz1uMAH24DM6MF72vcojpYPtrTUu3ByVWfPL1nPfVRb5mZVTve5GnNCUV53QM/BZ66xfWrm0CTWoM+Xlz8V1w==
  dependencies:
    loose-envify "^1.4.0"
    symbol-observable "^1.2.0"

regenerator-runtime@^0.13.4:
  version "0.13.5"
  resolved "https://registry.yarnpkg.com/regenerator-runtime/-/regenerator-runtime-0.13.5.tgz#d878a1d094b4306d10b9096484b33ebd55e26697"
  integrity sha512-ZS5w8CpKFinUzOwW3c83oPeVXoNsrLsaCoLtJvAClH135j/R77RuymhiSErhm2lKcwSCIpmvIWSbDkIfAqKQlA==

reselect@^4.0.0:
  version "4.0.0"
  resolved "https://registry.yarnpkg.com/reselect/-/reselect-4.0.0.tgz#f2529830e5d3d0e021408b246a206ef4ea4437f7"
  integrity sha512-qUgANli03jjAyGlnbYVAV5vvnOmJnODyABz51RdBN7M4WaVu8mecZWgyQNkG8Yqe3KRGRt0l4K4B3XVEULC4CA==

resolve-pathname@^3.0.0:
  version "3.0.0"
  resolved "https://registry.yarnpkg.com/resolve-pathname/-/resolve-pathname-3.0.0.tgz#99d02224d3cf263689becbb393bc560313025dcd"
  integrity sha512-C7rARubxI8bXFNB/hqcp/4iUeIXJhJZvFPFPiSPRnhU5UPxzMFIl+2E6yY6c4k9giDJAhtV+enfA+G89N6Csng==

rxjs@^6.5.4:
  version "6.5.4"
  resolved "https://registry.yarnpkg.com/rxjs/-/rxjs-6.5.4.tgz#e0777fe0d184cec7872df147f303572d414e211c"
  integrity sha512-naMQXcgEo3csAEGvw/NydRA0fuS2nDZJiw1YUWFKU7aPPAPGZEsD4Iimit96qwCieH6y614MCLYwdkrWx7z/7Q==
  dependencies:
    tslib "^1.9.0"

symbol-observable@^1.2.0:
  version "1.2.0"
  resolved "https://registry.yarnpkg.com/symbol-observable/-/symbol-observable-1.2.0.tgz#c22688aed4eab3cdc2dfeacbb561660560a00804"
  integrity sha512-e900nM8RRtGhlV36KGEU9k65K3mPb1WV70OdjfxlG2EAuM1noi/E/BaW/uMhL7bPEssK8QV57vN3esixjUvcXQ==

tiny-invariant@^1.0.2:
  version "1.1.0"
  resolved "https://registry.yarnpkg.com/tiny-invariant/-/tiny-invariant-1.1.0.tgz#634c5f8efdc27714b7f386c35e6760991d230875"
  integrity sha512-ytxQvrb1cPc9WBEI/HSeYYoGD0kWnGEOR8RY6KomWLBVhqz0RgTwVO9dLrGz7dC+nN9llyI7OKAgRq8Vq4ZBSw==

tiny-warning@^1.0.0, tiny-warning@^1.0.2:
  version "1.0.3"
  resolved "https://registry.yarnpkg.com/tiny-warning/-/tiny-warning-1.0.3.tgz#94a30db453df4c643d0fd566060d60a875d84754"
  integrity sha512-lBN9zLN/oAf68o3zNXYrdCt1kP8WsiGW8Oo2ka41b2IM5JL/S1CTyX1rW0mb/zSuJun0ZUrDxx4sqvYS2FWzPA==

to-camel-case@^1.0.0:
  version "1.0.0"
  resolved "https://registry.yarnpkg.com/to-camel-case/-/to-camel-case-1.0.0.tgz#1a56054b2f9d696298ce66a60897322b6f423e46"
  integrity sha1-GlYFSy+daWKYzmamCJcyK29CPkY=
  dependencies:
    to-space-case "^1.0.0"

to-no-case@^1.0.0:
  version "1.0.2"
  resolved "https://registry.yarnpkg.com/to-no-case/-/to-no-case-1.0.2.tgz#c722907164ef6b178132c8e69930212d1b4aa16a"
  integrity sha1-xyKQcWTvaxeBMsjmmTAhLRtKoWo=

to-space-case@^1.0.0:
  version "1.0.0"
  resolved "https://registry.yarnpkg.com/to-space-case/-/to-space-case-1.0.0.tgz#b052daafb1b2b29dc770cea0163e5ec0ebc9fc17"
  integrity sha1-sFLar7Gysp3HcM6gFj5ewOvJ/Bc=
  dependencies:
    to-no-case "^1.0.0"

tslib@^1.9.0:
  version "1.11.1"
  resolved "https://registry.yarnpkg.com/tslib/-/tslib-1.11.1.tgz#eb15d128827fbee2841549e171f45ed338ac7e35"
  integrity sha512-aZW88SY8kQbU7gpV19lN24LtXh/yD4ZZg6qieAJDDg+YBsJcSmLGK9QpnUjAKVG/xefmvJGd1WUmfpT/g6AJGA==

typescript@^3.8.3:
  version "3.8.3"
  resolved "https://registry.yarnpkg.com/typescript/-/typescript-3.8.3.tgz#409eb8544ea0335711205869ec458ab109ee1061"
  integrity sha512-MYlEfn5VrLNsgudQTVJeNaQFUAI7DkhnOjdpAp4T+ku1TfQClewlbSuTVHiA+8skNBgaf02TL/kLOvig4y3G8w==

value-equal@^1.0.1:
  version "1.0.1"
  resolved "https://registry.yarnpkg.com/value-equal/-/value-equal-1.0.1.tgz#1e0b794c734c5c0cade179c437d356d931a34d6c"
  integrity sha512-NOJ6JZCAWr0zlxZt+xqCHNTEKOsrks2HQd4MqhP1qy4z1SkbEP467eNx6TgDKXMvUOb+OENfJCZwM+16n7fRfw==
